
Microsoft Visual Studio Solution File, Format Version 12.00
# Visual Studio Version 16
VisualStudioVersion = 16.0.29215.179
MinimumVisualStudioVersion = 10.0.40219.1
Project("{FAE04EC0-301F-11D3-BF4B-00C04F79EFBC}") = "GroceryCo", "GroceryCo\GroceryCo.csproj", "{8A17831F-3A72-4F6F-B7B0-C1F5D632E1C7}"
EndProject
Project("{FAE04EC0-301F-11D3-BF4B-00C04F79EFBC}") = "GroceryCoTest", "GroceryCoTest\GroceryCoTest.csproj", "{2A4BD877-9773-4382-86A6-30741F3E8810}"
EndProject
Global
	GlobalSection(SolutionConfigurationPlatforms) = preSolution
		Debug|Any CPU = Debug|Any CPU
		Release|Any CPU = Release|Any CPU
	EndGlobalSection
	GlobalSection(ProjectConfigurationPlatforms) = postSolution
		{8A17831F-3A72-4F6F-B7B0-C1F5D632E1C7}.Debug|Any CPU.ActiveCfg = Debug|Any CPU
		{8A17831F-3A72-4F6F-B7B0-C1F5D632E1C7}.Debug|Any CPU.Build.0 = Debug|Any CPU
		{8A17831F-3A72-4F6F-B7B0-C1F5D632E1C7}.Release|Any CPU.ActiveCfg = Release|Any CPU
		{8A17831F-3A72-4F6F-B7B0-C1F5D632E1C7}.Release|Any CPU.Build.0 = Release|Any CPU
		{2A4BD877-9773-4382-86A6-30741F3E8810}.Debug|Any CPU.ActiveCfg = Debug|Any CPU
		{2A4BD877-9773-4382-86A6-30741F3E8810}.Debug|Any CPU.Build.0 = Debug|Any CPU
		{2A4BD877-9773-4382-86A6-30741F3E8810}.Release|Any CPU.ActiveCfg = Release|Any CPU
		{2A4BD877-9773-4382-86A6-30741F3E8810}.Release|Any CPU.Build.0 = Release|Any CPU
	EndGlobalSection
	GlobalSection(SolutionProperties) = preSolution
		HideSolutionNode = FALSE
	EndGlobalSection
	GlobalSection(ExtensibilityGlobals) = postSolution
		SolutionGuid = {EF87722B-A7D7-4370-AB00-1BC7BF64F527}
	EndGlobalSection
EndGlobal
